// !$*UTF8*$!
{
	archiveVersion = 1;
	classes = {
	};
	objectVersion = 56;
	objects = {

/* Begin PBXBuildFile section */
		F20E01ED2A183C7B00580185 /* FruitsApp.swift in Sources */ = {isa = PBXBuildFile; fileRef = F20E01EC2A183C7B00580185 /* FruitsApp.swift */; };
		F20E01EF2A183C7B00580185 /* HomeView.swift in Sources */ = {isa = PBXBuildFile; fileRef = F20E01EE2A183C7B00580185 /* HomeView.swift */; };
		F20E01F12A183C7B00580185 /* Assets.xcassets in Resources */ = {isa = PBXBuildFile; fileRef = F20E01F02A183C7B00580185 /* Assets.xcassets */; };
		F20E01F42A183C7B00580185 /* Preview Assets.xcassets in Resources */ = {isa = PBXBuildFile; fileRef = F20E01F32A183C7B00580185 /* Preview Assets.xcassets */; };
		F23A28642A1921B20006C723 /* FruitRowView.swift in Sources */ = {isa = PBXBuildFile; fileRef = F23A28632A1921B20006C723 /* FruitRowView.swift */; };
		F23A28662A19287D0006C723 /* FruitDetailView.swift in Sources */ = {isa = PBXBuildFile; fileRef = F23A28652A19287D0006C723 /* FruitDetailView.swift */; };
		F23A28682A192D930006C723 /* FruitHeaderView.swift in Sources */ = {isa = PBXBuildFile; fileRef = F23A28672A192D930006C723 /* FruitHeaderView.swift */; };
		F23A286A2A1931FA0006C723 /* SourceLinkView.swift in Sources */ = {isa = PBXBuildFile; fileRef = F23A28692A1931FA0006C723 /* SourceLinkView.swift */; };
		F23A286C2A1934E30006C723 /* FruitsNutrientView.swift in Sources */ = {isa = PBXBuildFile; fileRef = F23A286B2A1934E30006C723 /* FruitsNutrientView.swift */; };
		F23A286E2A193ADB0006C723 /* SettingsView.swift in Sources */ = {isa = PBXBuildFile; fileRef = F23A286D2A193ADB0006C723 /* SettingsView.swift */; };
		F23A28702A1940F20006C723 /* SettingsLabelView.swift in Sources */ = {isa = PBXBuildFile; fileRef = F23A286F2A1940F20006C723 /* SettingsLabelView.swift */; };
		F23A28722A1946140006C723 /* SettingsRowView.swift in Sources */ = {isa = PBXBuildFile; fileRef = F23A28712A1946140006C723 /* SettingsRowView.swift */; };
		F2962D712A18FFC6007CA2E8 /* FruitCardView.swift in Sources */ = {isa = PBXBuildFile; fileRef = F2962D702A18FFC6007CA2E8 /* FruitCardView.swift */; };
		F2962D732A190637007CA2E8 /* StartButtonView.swift in Sources */ = {isa = PBXBuildFile; fileRef = F2962D722A190637007CA2E8 /* StartButtonView.swift */; };
		F2962D762A190AA4007CA2E8 /* OnboardingView.swift in Sources */ = {isa = PBXBuildFile; fileRef = F2962D752A190AA4007CA2E8 /* OnboardingView.swift */; };
		F2962D792A190CBE007CA2E8 /* FruitsModel.swift in Sources */ = {isa = PBXBuildFile; fileRef = F2962D782A190CBE007CA2E8 /* FruitsModel.swift */; };
		F2962D7C2A190E7A007CA2E8 /* FruitsData.swift in Sources */ = {isa = PBXBuildFile; fileRef = F2962D7B2A190E7A007CA2E8 /* FruitsData.swift */; };
/* End PBXBuildFile section */

/* Begin PBXFileReference section */
		F20E01E92A183C7B00580185 /* Fruits.app */ = {isa = PBXFileReference; explicitFileType = wrapper.application; includeInIndex = 0; path = Fruits.app; sourceTree = BUILT_PRODUCTS_DIR; };
		F20E01EC2A183C7B00580185 /* FruitsApp.swift */ = {isa = PBXFileReference; lastKnownFileType = sourcecode.swift; path = FruitsApp.swift; sourceTree = "<group>"; };
		F20E01EE2A183C7B00580185 /* HomeView.swift */ = {isa = PBXFileReference; lastKnownFileType = sourcecode.swift; path = HomeView.swift; sourceTree = "<group>"; };
		F20E01F02A183C7B00580185 /* Assets.xcassets */ = {isa = PBXFileReference; lastKnownFileType = folder.assetcatalog; path = Assets.xcassets; sourceTree = "<group>"; };
		F20E01F32A183C7B00580185 /* Preview Assets.xcassets */ = {isa = PBXFileReference; lastKnownFileType = folder.assetcatalog; path = "Preview Assets.xcassets"; sourceTree = "<group>"; };
		F23A28632A1921B20006C723 /* FruitRowView.swift */ = {isa = PBXFileReference; lastKnownFileType = sourcecode.swift; path = FruitRowView.swift; sourceTree = "<group>"; };
		F23A28652A19287D0006C723 /* FruitDetailView.swift */ = {isa = PBXFileReference; lastKnownFileType = sourcecode.swift; path = FruitDetailView.swift; sourceTree = "<group>"; };
		F23A28672A192D930006C723 /* FruitHeaderView.swift */ = {isa = PBXFileReference; lastKnownFileType = sourcecode.swift; path = FruitHeaderView.swift; sourceTree = "<group>"; };
		F23A28692A1931FA0006C723 /* SourceLinkView.swift */ = {isa = PBXFileReference; lastKnownFileType = sourcecode.swift; path = SourceLinkView.swift; sourceTree = "<group>"; };
		F23A286B2A1934E30006C723 /* FruitsNutrientView.swift */ = {isa = PBXFileReference; lastKnownFileType = sourcecode.swift; path = FruitsNutrientView.swift; sourceTree = "<group>"; };
		F23A286D2A193ADB0006C723 /* SettingsView.swift */ = {isa = PBXFileReference; lastKnownFileType = sourcecode.swift; path = SettingsView.swift; sourceTree = "<group>"; };
		F23A286F2A1940F20006C723 /* SettingsLabelView.swift */ = {isa = PBXFileReference; lastKnownFileType = sourcecode.swift; path = SettingsLabelView.swift; sourceTree = "<group>"; };
		F23A28712A1946140006C723 /* SettingsRowView.swift */ = {isa = PBXFileReference; lastKnownFileType = sourcecode.swift; path = SettingsRowView.swift; sourceTree = "<group>"; };
		F2962D702A18FFC6007CA2E8 /* FruitCardView.swift */ = {isa = PBXFileReference; lastKnownFileType = sourcecode.swift; path = FruitCardView.swift; sourceTree = "<group>"; };
		F2962D722A190637007CA2E8 /* StartButtonView.swift */ = {isa = PBXFileReference; lastKnownFileType = sourcecode.swift; path = StartButtonView.swift; sourceTree = "<group>"; };
		F2962D752A190AA4007CA2E8 /* OnboardingView.swift */ = {isa = PBXFileReference; lastKnownFileType = sourcecode.swift; path = OnboardingView.swift; sourceTree = "<group>"; };
		F2962D782A190CBE007CA2E8 /* FruitsModel.swift */ = {isa = PBXFileReference; lastKnownFileType = sourcecode.swift; path = FruitsModel.swift; sourceTree = "<group>"; };
		F2962D7B2A190E7A007CA2E8 /* FruitsData.swift */ = {isa = PBXFileReference; lastKnownFileType = sourcecode.swift; path = FruitsData.swift; sourceTree = "<group>"; };
/* End PBXFileReference section */

/* Begin PBXFrameworksBuildPhase section */
		F20E01E62A183C7B00580185 /* Frameworks */ = {
			isa = PBXFrameworksBuildPhase;
			buildActionMask = 2147483647;
			files = (
			);
			runOnlyForDeploymentPostprocessing = 0;
		};
/* End PBXFrameworksBuildPhase section */

/* Begin PBXGroup section */
		F20E01E02A183C7B00580185 = {
			isa = PBXGroup;
			children = (
				F20E01EB2A183C7B00580185 /* Fruits */,
				F20E01EA2A183C7B00580185 /* Products */,
			);
			sourceTree = "<group>";
		};
		F20E01EA2A183C7B00580185 /* Products */ = {
			isa = PBXGroup;
			children = (
				F20E01E92A183C7B00580185 /* Fruits.app */,
			);
			name = Products;
			sourceTree = "<group>";
		};
		F20E01EB2A183C7B00580185 /* Fruits */ = {
			isa = PBXGroup;
			children = (
				F2962D7A2A190E70007CA2E8 /* Data */,
				F2962D772A190CAA007CA2E8 /* Model */,
				F2962D742A190A8C007CA2E8 /* Screen */,
				F2962D6F2A18FF99007CA2E8 /* View */,
				F20E01EC2A183C7B00580185 /* FruitsApp.swift */,
				F20E01F02A183C7B00580185 /* Assets.xcassets */,
				F20E01F22A183C7B00580185 /* Preview Content */,
			);
			path = Fruits;
			sourceTree = "<group>";
		};
		F20E01F22A183C7B00580185 /* Preview Content */ = {
			isa = PBXGroup;
			children = (
				F20E01F32A183C7B00580185 /* Preview Assets.xcassets */,
			);
			path = "Preview Content";
			sourceTree = "<group>";
		};
		F2962D6F2A18FF99007CA2E8 /* View */ = {
			isa = PBXGroup;
			children = (
				F2962D702A18FFC6007CA2E8 /* FruitCardView.swift */,
				F2962D722A190637007CA2E8 /* StartButtonView.swift */,
				F23A28632A1921B20006C723 /* FruitRowView.swift */,
				F23A28672A192D930006C723 /* FruitHeaderView.swift */,
				F23A28692A1931FA0006C723 /* SourceLinkView.swift */,
				F23A286B2A1934E30006C723 /* FruitsNutrientView.swift */,
				F23A286F2A1940F20006C723 /* SettingsLabelView.swift */,
				F23A28712A1946140006C723 /* SettingsRowView.swift */,
			);
			path = View;
			sourceTree = "<group>";
		};
		F2962D742A190A8C007CA2E8 /* Screen */ = {
			isa = PBXGroup;
			children = (
				F20E01EE2A183C7B00580185 /* HomeView.swift */,
				F2962D752A190AA4007CA2E8 /* OnboardingView.swift */,
				F23A28652A19287D0006C723 /* FruitDetailView.swift */,
				F23A286D2A193ADB0006C723 /* SettingsView.swift */,
			);
			path = Screen;
			sourceTree = "<group>";
		};
		F2962D772A190CAA007CA2E8 /* Model */ = {
			isa = PBXGroup;
			children = (
				F2962D782A190CBE007CA2E8 /* FruitsModel.swift */,
			);
			path = Model;
			sourceTree = "<group>";
		};
		F2962D7A2A190E70007CA2E8 /* Data */ = {
			isa = PBXGroup;
			children = (
				F2962D7B2A190E7A007CA2E8 /* FruitsData.swift */,
			);
			path = Data;
			sourceTree = "<group>";
		};
/* End PBXGroup section */

/* Begin PBXNativeTarget section */
		F20E01E82A183C7B00580185 /* Fruits */ = {
			isa = PBXNativeTarget;
			buildConfigurationList = F20E01F72A183C7B00580185 /* Build configuration list for PBXNativeTarget "Fruits" */;
			buildPhases = (
				F20E01E52A183C7B00580185 /* Sources */,
				F20E01E62A183C7B00580185 /* Frameworks */,
				F20E01E72A183C7B00580185 /* Resources */,
			);
			buildRules = (
			);
			dependencies = (
			);
			name = Fruits;
			productName = Fruits;
			productReference = F20E01E92A183C7B00580185 /* Fruits.app */;
			productType = "com.apple.product-type.application";
		};
/* End PBXNativeTarget section */

/* Begin PBXProject section */
		F20E01E12A183C7B00580185 /* Project object */ = {
			isa = PBXProject;
			attributes = {
				BuildIndependentTargetsInParallel = 1;
				LastSwiftUpdateCheck = 1430;
				LastUpgradeCheck = 1430;
				TargetAttributes = {
					F20E01E82A183C7B00580185 = {
						CreatedOnToolsVersion = 14.3;
					};
				};
			};
			buildConfigurationList = F20E01E42A183C7B00580185 /* Build configuration list for PBXProject "Fruits" */;
			compatibilityVersion = "Xcode 14.0";
			developmentRegion = en;
			hasScannedForEncodings = 0;
			knownRegions = (
				en,
				Base,
			);
			mainGroup = F20E01E02A183C7B00580185;
			productRefGroup = F20E01EA2A183C7B00580185 /* Products */;
			projectDirPath = "";
			projectRoot = "";
			targets = (
				F20E01E82A183C7B00580185 /* Fruits */,
			);
		};
/* End PBXProject section */

/* Begin PBXResourcesBuildPhase section */
		F20E01E72A183C7B00580185 /* Resources */ = {
			isa = PBXResourcesBuildPhase;
			buildActionMask = 2147483647;
			files = (
				F20E01F42A183C7B00580185 /* Preview Assets.xcassets in Resources */,
				F20E01F12A183C7B00580185 /* Assets.xcassets in Resources */,
			);
			runOnlyForDeploymentPostprocessing = 0;
		};
/* End PBXResourcesBuildPhase section */

/* Begin PBXSourcesBuildPhase section */
		F20E01E52A183C7B00580185 /* Sources */ = {
			isa = PBXSourcesBuildPhase;
			buildActionMask = 2147483647;
			files = (
				F2962D712A18FFC6007CA2E8 /* FruitCardView.swift in Sources */,
				F23A286A2A1931FA0006C723 /* SourceLinkView.swift in Sources */,
				F23A28722A1946140006C723 /* SettingsRowView.swift in Sources */,
				F2962D732A190637007CA2E8 /* StartButtonView.swift in Sources */,
				F23A28642A1921B20006C723 /* FruitRowView.swift in Sources */,
				F23A286C2A1934E30006C723 /* FruitsNutrientView.swift in Sources */,
				F2962D792A190CBE007CA2E8 /* FruitsModel.swift in Sources */,
				F23A28662A19287D0006C723 /* FruitDetailView.swift in Sources */,
				F20E01EF2A183C7B00580185 /* HomeView.swift in Sources */,
				F23A28682A192D930006C723 /* FruitHeaderView.swift in Sources */,
				F2962D7C2A190E7A007CA2E8 /* FruitsData.swift in Sources */,
				F23A28702A1940F20006C723 /* SettingsLabelView.swift in Sources */,
				F2962D762A190AA4007CA2E8 /* OnboardingView.swift in Sources */,
				F20E01ED2A183C7B00580185 /* FruitsApp.swift in Sources */,
				F23A286E2A193ADB0006C723 /* SettingsView.swift in Sources */,
			);
			runOnlyForDeploymentPostprocessing = 0;
		};
/* End PBXSourcesBuildPhase section */

/* Begin XCBuildConfiguration section */
		F20E01F52A183C7B00580185 /* Debug */ = {
			isa = XCBuildConfiguration;
			buildSettings = {
				ALWAYS_SEARCH_USER_PATHS = NO;
				CLANG_ANALYZER_NONNULL = YES;
				CLANG_ANALYZER_NUMBER_OBJECT_CONVERSION = YES_AGGRESSIVE;
				CLANG_CXX_LANGUAGE_STANDARD = "gnu++20";
				CLANG_ENABLE_MODULES = YES;
				CLANG_ENABLE_OBJC_ARC = YES;
				CLANG_ENABLE_OBJC_WEAK = YES;
				CLANG_WARN_BLOCK_CAPTURE_AUTORELEASING = YES;
				CLANG_WARN_BOOL_CONVERSION = YES;
				CLANG_WARN_COMMA = YES;
				CLANG_WARN_CONSTANT_CONVERSION = YES;
				CLANG_WARN_DEPRECATED_OBJC_IMPLEMENTATIONS = YES;
				CLANG_WARN_DIRECT_OBJC_ISA_USAGE = YES_ERROR;
				CLANG_WARN_DOCUMENTATION_COMMENTS = YES;
				CLANG_WARN_EMPTY_BODY = YES;
				CLANG_WARN_ENUM_CONVERSION = YES;
				CLANG_WARN_INFINITE_RECURSION = YES;
				CLANG_WARN_INT_CONVERSION = YES;
				CLANG_WARN_NON_LITERAL_NULL_CONVERSION = YES;
				CLANG_WARN_OBJC_IMPLICIT_RETAIN_SELF = YES;
				CLANG_WARN_OBJC_LITERAL_CONVERSION = YES;
				CLANG_WARN_OBJC_ROOT_CLASS = YES_ERROR;
				CLANG_WARN_QUOTED_INCLUDE_IN_FRAMEWORK_HEADER = YES;
				CLANG_WARN_RANGE_LOOP_ANALYSIS = YES;
				CLANG_WARN_STRICT_PROTOTYPES = YES;
				CLANG_WARN_SUSPICIOUS_MOVE = YES;
				CLANG_WARN_UNGUARDED_AVAILABILITY = YES_AGGRESSIVE;
				CLANG_WARN_UNREACHABLE_CODE = YES;
				CLANG_WARN__DUPLICATE_METHOD_MATCH = YES;
				COPY_PHASE_STRIP = NO;
				DEBUG_INFORMATION_FORMAT = dwarf;
				ENABLE_STRICT_OBJC_MSGSEND = YES;
				ENABLE_TESTABILITY = YES;
				GCC_C_LANGUAGE_STANDARD = gnu11;
				GCC_DYNAMIC_NO_PIC = NO;
				GCC_NO_COMMON_BLOCKS = YES;
				GCC_OPTIMIZATION_LEVEL = 0;
				GCC_PREPROCESSOR_DEFINITIONS = (
					"DEBUG=1",
					"$(inherited)",
				);
				GCC_WARN_64_TO_32_BIT_CONVERSION = YES;
				GCC_WARN_ABOUT_RETURN_TYPE = YES_ERROR;
				GCC_WARN_UNDECLARED_SELECTOR = YES;
				GCC_WARN_UNINITIALIZED_AUTOS = YES_AGGRESSIVE;
				GCC_WARN_UNUSED_FUNCTION = YES;
				GCC_WARN_UNUSED_VARIABLE = YES;
				IPHONEOS_DEPLOYMENT_TARGET = 16.4;
				MTL_ENABLE_DEBUG_INFO = INCLUDE_SOURCE;
				MTL_FAST_MATH = YES;
				ONLY_ACTIVE_ARCH = YES;
				SDKROOT = iphoneos;
				SWIFT_ACTIVE_COMPILATION_CONDITIONS = DEBUG;
				SWIFT_OPTIMIZATION_LEVEL = "-Onone";
			};
			name = Debug;
		};
		F20E01F62A183C7B00580185 /* Release */ = {
			isa = XCBuildConfiguration;
			buildSettings = {
				ALWAYS_SEARCH_USER_PATHS = NO;
				CLANG_ANALYZER_NONNULL = YES;
				CLANG_ANALYZER_NUMBER_OBJECT_CONVERSION = YES_AGGRESSIVE;
				CLANG_CXX_LANGUAGE_STANDARD = "gnu++20";
				CLANG_ENABLE_MODULES = YES;
				CLANG_ENABLE_OBJC_ARC = YES;
				CLANG_ENABLE_OBJC_WEAK = YES;
				CLANG_WARN_BLOCK_CAPTURE_AUTORELEASING = YES;
				CLANG_WARN_BOOL_CONVERSION = YES;
				CLANG_WARN_COMMA = YES;
				CLANG_WARN_CONSTANT_CONVERSION = YES;
				CLANG_WARN_DEPRECATED_OBJC_IMPLEMENTATIONS = YES;
				CLANG_WARN_DIRECT_OBJC_ISA_USAGE = YES_ERROR;
				CLANG_WARN_DOCUMENTATION_COMMENTS = YES;
				CLANG_WARN_EMPTY_BODY = YES;
				CLANG_WARN_ENUM_CONVERSION = YES;
				CLANG_WARN_INFINITE_RECURSION = YES;
				CLANG_WARN_INT_CONVERSION = YES;
				CLANG_WARN_NON_LITERAL_NULL_CONVERSION = YES;
				CLANG_WARN_OBJC_IMPLICIT_RETAIN_SELF = YES;
				CLANG_WARN_OBJC_LITERAL_CONVERSION = YES;
				CLANG_WARN_OBJC_ROOT_CLASS = YES_ERROR;
				CLANG_WARN_QUOTED_INCLUDE_IN_FRAMEWORK_HEADER = YES;
				CLANG_WARN_RANGE_LOOP_ANALYSIS = YES;
				CLANG_WARN_STRICT_PROTOTYPES = YES;
				CLANG_WARN_SUSPICIOUS_MOVE = YES;
				CLANG_WARN_UNGUARDED_AVAILABILITY = YES_AGGRESSIVE;
				CLANG_WARN_UNREACHABLE_CODE = YES;
				CLANG_WARN__DUPLICATE_METHOD_MATCH = YES;
				COPY_PHASE_STRIP = NO;
				DEBUG_INFORMATION_FORMAT = "dwarf-with-dsym";
				ENABLE_NS_ASSERTIONS = NO;
				ENABLE_STRICT_OBJC_MSGSEND = YES;
				GCC_C_LANGUAGE_STANDARD = gnu11;
				GCC_NO_COMMON_BLOCKS = YES;
				GCC_WARN_64_TO_32_BIT_CONVERSION = YES;
				GCC_WARN_ABOUT_RETURN_TYPE = YES_ERROR;
				GCC_WARN_UNDECLARED_SELECTOR = YES;
				GCC_WARN_UNINITIALIZED_AUTOS = YES_AGGRESSIVE;
				GCC_WARN_UNUSED_FUNCTION = YES;
				GCC_WARN_UNUSED_VARIABLE = YES;
				IPHONEOS_DEPLOYMENT_TARGET = 16.4;
				MTL_ENABLE_DEBUG_INFO = NO;
				MTL_FAST_MATH = YES;
				SDKROOT = iphoneos;
				SWIFT_COMPILATION_MODE = wholemodule;
				SWIFT_OPTIMIZATION_LEVEL = "-O";
				VALIDATE_PRODUCT = YES;
			};
			name = Release;
		};
		F20E01F82A183C7B00580185 /* Debug */ = {
			isa = XCBuildConfiguration;
			buildSettings = {
				ASSETCATALOG_COMPILER_APPICON_NAME = AppIcon;
				ASSETCATALOG_COMPILER_GLOBAL_ACCENT_COLOR_NAME = AccentColor;
				CODE_SIGN_STYLE = Automatic;
				CURRENT_PROJECT_VERSION = 1;
				DEVELOPMENT_ASSET_PATHS = "\"Fruits/Preview Content\"";
				DEVELOPMENT_TEAM = 3T6QCF5F9J;
				ENABLE_PREVIEWS = YES;
				GENERATE_INFOPLIST_FILE = YES;
				INFOPLIST_KEY_UIApplicationSceneManifest_Generation = YES;
				INFOPLIST_KEY_UIApplicationSupportsIndirectInputEvents = YES;
				INFOPLIST_KEY_UILaunchScreen_Generation = YES;
				INFOPLIST_KEY_UISupportedInterfaceOrientations_iPad = "UIInterfaceOrientationPortrait UIInterfaceOrientationPortraitUpsideDown UIInterfaceOrientationLandscapeLeft UIInterfaceOrientationLandscapeRight";
				INFOPLIST_KEY_UISupportedInterfaceOrientations_iPhone = "UIInterfaceOrientationPortrait UIInterfaceOrientationLandscapeLeft UIInterfaceOrientationLandscapeRight";
				LD_RUNPATH_SEARCH_PATHS = (
					"$(inherited)",
					"@executable_path/Frameworks",
				);
				MARKETING_VERSION = 1.0;
				PRODUCT_BUNDLE_IDENTIFIER = br.com.Fruits;
				PRODUCT_NAME = "$(TARGET_NAME)";
				SUPPORTED_PLATFORMS = "iphoneos iphonesimulator";
				SUPPORTS_MACCATALYST = NO;
				SUPPORTS_MAC_DESIGNED_FOR_IPHONE_IPAD = NO;
				SWIFT_EMIT_LOC_STRINGS = YES;
				SWIFT_VERSION = 5.0;
				TARGETED_DEVICE_FAMILY = 1;
			};
			name = Debug;
		};
		F20E01F92A183C7B00580185 /* Release */ = {
			isa = XCBuildConfiguration;
			buildSettings = {
				ASSETCATALOG_COMPILER_APPICON_NAME = AppIcon;
				ASSETCATALOG_COMPILER_GLOBAL_ACCENT_COLOR_NAME = AccentColor;
				CODE_SIGN_STYLE = Automatic;
				CURRENT_PROJECT_VERSION = 1;
				DEVELOPMENT_ASSET_PATHS = "\"Fruits/Preview Content\"";
				DEVELOPMENT_TEAM = 3T6QCF5F9J;
				ENABLE_PREVIEWS = YES;
				GENERATE_INFOPLIST_FILE = YES;
				INFOPLIST_KEY_UIApplicationSceneManifest_Generation = YES;
				INFOPLIST_KEY_UIApplicationSupportsIndirectInputEvents = YES;
				INFOPLIST_KEY_UILaunchScreen_Generation = YES;
				INFOPLIST_KEY_UISupportedInterfaceOrientations_iPad = "UIInterfaceOrientationPortrait UIInterfaceOrientationPortraitUpsideDown UIInterfaceOrientationLandscapeLeft UIInterfaceOrientationLandscapeRight";
				INFOPLIST_KEY_UISupportedInterfaceOrientations_iPhone = "UIInterfaceOrientationPortrait UIInterfaceOrientationLandscapeLeft UIInterfaceOrientationLandscapeRight";
				LD_RUNPATH_SEARCH_PATHS = (
					"$(inherited)",
					"@executable_path/Frameworks",
				);
				MARKETING_VERSION = 1.0;
				PRODUCT_BUNDLE_IDENTIFIER = br.com.Fruits;
				PRODUCT_NAME = "$(TARGET_NAME)";
				SUPPORTED_PLATFORMS = "iphoneos iphonesimulator";
				SUPPORTS_MACCATALYST = NO;
				SUPPORTS_MAC_DESIGNED_FOR_IPHONE_IPAD = NO;
				SWIFT_EMIT_LOC_STRINGS = YES;
				SWIFT_VERSION = 5.0;
				TARGETED_DEVICE_FAMILY = 1;
			};
			name = Release;
		};
/* End XCBuildConfiguration section */

/* Begin XCConfigurationList section */
		F20E01E42A183C7B00580185 /* Build configuration list for PBXProject "Fruits" */ = {
			isa = XCConfigurationList;
			buildConfigurations = (
				F20E01F52A183C7B00580185 /* Debug */,
				F20E01F62A183C7B00580185 /* Release */,
			);
			defaultConfigurationIsVisible = 0;
			defaultConfigurationName = Release;
		};
		F20E01F72A183C7B00580185 /* Build configuration list for PBXNativeTarget "Fruits" */ = {
			isa = XCConfigurationList;
			buildConfigurations = (
				F20E01F82A183C7B00580185 /* Debug */,
				F20E01F92A183C7B00580185 /* Release */,
			);
			defaultConfigurationIsVisible = 0;
			defaultConfigurationName = Release;
		};
/* End XCConfigurationList section */
	};
	rootObject = F20E01E12A183C7B00580185 /* Project object */;
}
