// !$*UTF8*$!
{
	archiveVersion = 1;
	classes = {
	};
	objectVersion = 56;
	objects = {

/* Begin PBXBuildFile section */
		F2A9E83A2A14E657004F364D /* PintchApp.swift in Sources */ = {isa = PBXBuildFile; fileRef = F2A9E8392A14E657004F364D /* PintchApp.swift */; };
		F2A9E83C2A14E657004F364D /* ContentView.swift in Sources */ = {isa = PBXBuildFile; fileRef = F2A9E83B2A14E657004F364D /* ContentView.swift */; };
		F2A9E83E2A14E658004F364D /* Assets.xcassets in Resources */ = {isa = PBXBuildFile; fileRef = F2A9E83D2A14E658004F364D /* Assets.xcassets */; };
		F2A9E8412A14E658004F364D /* Preview Assets.xcassets in Resources */ = {isa = PBXBuildFile; fileRef = F2A9E8402A14E658004F364D /* Preview Assets.xcassets */; };
		F2A9E84C2A14F286004F364D /* InfoPanelView.swift in Sources */ = {isa = PBXBuildFile; fileRef = F2A9E84B2A14F286004F364D /* InfoPanelView.swift */; };
		F2A9E84E2A14FF7C004F364D /* ControlImageView.swift in Sources */ = {isa = PBXBuildFile; fileRef = F2A9E84D2A14FF7C004F364D /* ControlImageView.swift */; };
		F2DC23ED2A152A9C00F7CBCA /* PageModel.swift in Sources */ = {isa = PBXBuildFile; fileRef = F2DC23EC2A152A9C00F7CBCA /* PageModel.swift */; };
		F2DC23EF2A152B1400F7CBCA /* PageData.swift in Sources */ = {isa = PBXBuildFile; fileRef = F2DC23EE2A152B1400F7CBCA /* PageData.swift */; };
/* End PBXBuildFile section */

/* Begin PBXFileReference section */
		F2A9E8362A14E657004F364D /* Pintch.app */ = {isa = PBXFileReference; explicitFileType = wrapper.application; includeInIndex = 0; path = Pintch.app; sourceTree = BUILT_PRODUCTS_DIR; };
		F2A9E8392A14E657004F364D /* PintchApp.swift */ = {isa = PBXFileReference; lastKnownFileType = sourcecode.swift; path = PintchApp.swift; sourceTree = "<group>"; };
		F2A9E83B2A14E657004F364D /* ContentView.swift */ = {isa = PBXFileReference; lastKnownFileType = sourcecode.swift; path = ContentView.swift; sourceTree = "<group>"; };
		F2A9E83D2A14E658004F364D /* Assets.xcassets */ = {isa = PBXFileReference; lastKnownFileType = folder.assetcatalog; path = Assets.xcassets; sourceTree = "<group>"; };
		F2A9E8402A14E658004F364D /* Preview Assets.xcassets */ = {isa = PBXFileReference; lastKnownFileType = folder.assetcatalog; path = "Preview Assets.xcassets"; sourceTree = "<group>"; };
		F2A9E84B2A14F286004F364D /* InfoPanelView.swift */ = {isa = PBXFileReference; lastKnownFileType = sourcecode.swift; path = InfoPanelView.swift; sourceTree = "<group>"; };
		F2A9E84D2A14FF7C004F364D /* ControlImageView.swift */ = {isa = PBXFileReference; lastKnownFileType = sourcecode.swift; path = ControlImageView.swift; sourceTree = "<group>"; };
		F2DC23EC2A152A9C00F7CBCA /* PageModel.swift */ = {isa = PBXFileReference; lastKnownFileType = sourcecode.swift; path = PageModel.swift; sourceTree = "<group>"; };
		F2DC23EE2A152B1400F7CBCA /* PageData.swift */ = {isa = PBXFileReference; lastKnownFileType = sourcecode.swift; path = PageData.swift; sourceTree = "<group>"; };
/* End PBXFileReference section */

/* Begin PBXFrameworksBuildPhase section */
		F2A9E8332A14E657004F364D /* Frameworks */ = {
			isa = PBXFrameworksBuildPhase;
			buildActionMask = 2147483647;
			files = (
			);
			runOnlyForDeploymentPostprocessing = 0;
		};
/* End PBXFrameworksBuildPhase section */

/* Begin PBXGroup section */
		F2A9E82D2A14E657004F364D = {
			isa = PBXGroup;
			children = (
				F2A9E8382A14E657004F364D /* Pintch */,
				F2A9E8372A14E657004F364D /* Products */,
			);
			sourceTree = "<group>";
		};
		F2A9E8372A14E657004F364D /* Products */ = {
			isa = PBXGroup;
			children = (
				F2A9E8362A14E657004F364D /* Pintch.app */,
			);
			name = Products;
			sourceTree = "<group>";
		};
		F2A9E8382A14E657004F364D /* Pintch */ = {
			isa = PBXGroup;
			children = (
				F2A9E84A2A14E7CB004F364D /* Data */,
				F2A9E8492A14E7B0004F364D /* Model */,
				F2A9E8482A14E7A8004F364D /* View */,
				F2A9E8392A14E657004F364D /* PintchApp.swift */,
				F2A9E8472A14E798004F364D /* Screen */,
				F2A9E83D2A14E658004F364D /* Assets.xcassets */,
				F2A9E83F2A14E658004F364D /* Preview Content */,
			);
			path = Pintch;
			sourceTree = "<group>";
		};
		F2A9E83F2A14E658004F364D /* Preview Content */ = {
			isa = PBXGroup;
			children = (
				F2A9E8402A14E658004F364D /* Preview Assets.xcassets */,
			);
			path = "Preview Content";
			sourceTree = "<group>";
		};
		F2A9E8472A14E798004F364D /* Screen */ = {
			isa = PBXGroup;
			children = (
				F2A9E83B2A14E657004F364D /* ContentView.swift */,
			);
			path = Screen;
			sourceTree = "<group>";
		};
		F2A9E8482A14E7A8004F364D /* View */ = {
			isa = PBXGroup;
			children = (
				F2A9E84B2A14F286004F364D /* InfoPanelView.swift */,
				F2A9E84D2A14FF7C004F364D /* ControlImageView.swift */,
			);
			path = View;
			sourceTree = "<group>";
		};
		F2A9E8492A14E7B0004F364D /* Model */ = {
			isa = PBXGroup;
			children = (
				F2DC23EC2A152A9C00F7CBCA /* PageModel.swift */,
			);
			path = Model;
			sourceTree = "<group>";
		};
		F2A9E84A2A14E7CB004F364D /* Data */ = {
			isa = PBXGroup;
			children = (
				F2DC23EE2A152B1400F7CBCA /* PageData.swift */,
			);
			path = Data;
			sourceTree = "<group>";
		};
/* End PBXGroup section */

/* Begin PBXNativeTarget section */
		F2A9E8352A14E657004F364D /* Pintch */ = {
			isa = PBXNativeTarget;
			buildConfigurationList = F2A9E8442A14E658004F364D /* Build configuration list for PBXNativeTarget "Pintch" */;
			buildPhases = (
				F2A9E8322A14E657004F364D /* Sources */,
				F2A9E8332A14E657004F364D /* Frameworks */,
				F2A9E8342A14E657004F364D /* Resources */,
			);
			buildRules = (
			);
			dependencies = (
			);
			name = Pintch;
			productName = Pintch;
			productReference = F2A9E8362A14E657004F364D /* Pintch.app */;
			productType = "com.apple.product-type.application";
		};
/* End PBXNativeTarget section */

/* Begin PBXProject section */
		F2A9E82E2A14E657004F364D /* Project object */ = {
			isa = PBXProject;
			attributes = {
				BuildIndependentTargetsInParallel = 1;
				LastSwiftUpdateCheck = 1430;
				LastUpgradeCheck = 1430;
				TargetAttributes = {
					F2A9E8352A14E657004F364D = {
						CreatedOnToolsVersion = 14.3;
					};
				};
			};
			buildConfigurationList = F2A9E8312A14E657004F364D /* Build configuration list for PBXProject "Pintch" */;
			compatibilityVersion = "Xcode 14.0";
			developmentRegion = en;
			hasScannedForEncodings = 0;
			knownRegions = (
				en,
				Base,
			);
			mainGroup = F2A9E82D2A14E657004F364D;
			productRefGroup = F2A9E8372A14E657004F364D /* Products */;
			projectDirPath = "";
			projectRoot = "";
			targets = (
				F2A9E8352A14E657004F364D /* Pintch */,
			);
		};
/* End PBXProject section */

/* Begin PBXResourcesBuildPhase section */
		F2A9E8342A14E657004F364D /* Resources */ = {
			isa = PBXResourcesBuildPhase;
			buildActionMask = 2147483647;
			files = (
				F2A9E8412A14E658004F364D /* Preview Assets.xcassets in Resources */,
				F2A9E83E2A14E658004F364D /* Assets.xcassets in Resources */,
			);
			runOnlyForDeploymentPostprocessing = 0;
		};
/* End PBXResourcesBuildPhase section */

/* Begin PBXSourcesBuildPhase section */
		F2A9E8322A14E657004F364D /* Sources */ = {
			isa = PBXSourcesBuildPhase;
			buildActionMask = 2147483647;
			files = (
				F2A9E84E2A14FF7C004F364D /* ControlImageView.swift in Sources */,
				F2DC23ED2A152A9C00F7CBCA /* PageModel.swift in Sources */,
				F2A9E83C2A14E657004F364D /* ContentView.swift in Sources */,
				F2A9E83A2A14E657004F364D /* PintchApp.swift in Sources */,
				F2DC23EF2A152B1400F7CBCA /* PageData.swift in Sources */,
				F2A9E84C2A14F286004F364D /* InfoPanelView.swift in Sources */,
			);
			runOnlyForDeploymentPostprocessing = 0;
		};
/* End PBXSourcesBuildPhase section */

/* Begin XCBuildConfiguration section */
		F2A9E8422A14E658004F364D /* Debug */ = {
			isa = XCBuildConfiguration;
			buildSettings = {
				ALWAYS_SEARCH_USER_PATHS = NO;
				CLANG_ANALYZER_NONNULL = YES;
				CLANG_ANALYZER_NUMBER_OBJECT_CONVERSION = YES_AGGRESSIVE;
				CLANG_CXX_LANGUAGE_STANDARD = "gnu++20";
				CLANG_ENABLE_MODULES = YES;
				CLANG_ENABLE_OBJC_ARC = YES;
				CLANG_ENABLE_OBJC_WEAK = YES;
				CLANG_WARN_BLOCK_CAPTURE_AUTORELEASING = YES;
				CLANG_WARN_BOOL_CONVERSION = YES;
				CLANG_WARN_COMMA = YES;
				CLANG_WARN_CONSTANT_CONVERSION = YES;
				CLANG_WARN_DEPRECATED_OBJC_IMPLEMENTATIONS = YES;
				CLANG_WARN_DIRECT_OBJC_ISA_USAGE = YES_ERROR;
				CLANG_WARN_DOCUMENTATION_COMMENTS = YES;
				CLANG_WARN_EMPTY_BODY = YES;
				CLANG_WARN_ENUM_CONVERSION = YES;
				CLANG_WARN_INFINITE_RECURSION = YES;
				CLANG_WARN_INT_CONVERSION = YES;
				CLANG_WARN_NON_LITERAL_NULL_CONVERSION = YES;
				CLANG_WARN_OBJC_IMPLICIT_RETAIN_SELF = YES;
				CLANG_WARN_OBJC_LITERAL_CONVERSION = YES;
				CLANG_WARN_OBJC_ROOT_CLASS = YES_ERROR;
				CLANG_WARN_QUOTED_INCLUDE_IN_FRAMEWORK_HEADER = YES;
				CLANG_WARN_RANGE_LOOP_ANALYSIS = YES;
				CLANG_WARN_STRICT_PROTOTYPES = YES;
				CLANG_WARN_SUSPICIOUS_MOVE = YES;
				CLANG_WARN_UNGUARDED_AVAILABILITY = YES_AGGRESSIVE;
				CLANG_WARN_UNREACHABLE_CODE = YES;
				CLANG_WARN__DUPLICATE_METHOD_MATCH = YES;
				COPY_PHASE_STRIP = NO;
				DEBUG_INFORMATION_FORMAT = dwarf;
				ENABLE_STRICT_OBJC_MSGSEND = YES;
				ENABLE_TESTABILITY = YES;
				GCC_C_LANGUAGE_STANDARD = gnu11;
				GCC_DYNAMIC_NO_PIC = NO;
				GCC_NO_COMMON_BLOCKS = YES;
				GCC_OPTIMIZATION_LEVEL = 0;
				GCC_PREPROCESSOR_DEFINITIONS = (
					"DEBUG=1",
					"$(inherited)",
				);
				GCC_WARN_64_TO_32_BIT_CONVERSION = YES;
				GCC_WARN_ABOUT_RETURN_TYPE = YES_ERROR;
				GCC_WARN_UNDECLARED_SELECTOR = YES;
				GCC_WARN_UNINITIALIZED_AUTOS = YES_AGGRESSIVE;
				GCC_WARN_UNUSED_FUNCTION = YES;
				GCC_WARN_UNUSED_VARIABLE = YES;
				IPHONEOS_DEPLOYMENT_TARGET = 16.4;
				MTL_ENABLE_DEBUG_INFO = INCLUDE_SOURCE;
				MTL_FAST_MATH = YES;
				ONLY_ACTIVE_ARCH = YES;
				SDKROOT = iphoneos;
				SWIFT_ACTIVE_COMPILATION_CONDITIONS = DEBUG;
				SWIFT_OPTIMIZATION_LEVEL = "-Onone";
			};
			name = Debug;
		};
		F2A9E8432A14E658004F364D /* Release */ = {
			isa = XCBuildConfiguration;
			buildSettings = {
				ALWAYS_SEARCH_USER_PATHS = NO;
				CLANG_ANALYZER_NONNULL = YES;
				CLANG_ANALYZER_NUMBER_OBJECT_CONVERSION = YES_AGGRESSIVE;
				CLANG_CXX_LANGUAGE_STANDARD = "gnu++20";
				CLANG_ENABLE_MODULES = YES;
				CLANG_ENABLE_OBJC_ARC = YES;
				CLANG_ENABLE_OBJC_WEAK = YES;
				CLANG_WARN_BLOCK_CAPTURE_AUTORELEASING = YES;
				CLANG_WARN_BOOL_CONVERSION = YES;
				CLANG_WARN_COMMA = YES;
				CLANG_WARN_CONSTANT_CONVERSION = YES;
				CLANG_WARN_DEPRECATED_OBJC_IMPLEMENTATIONS = YES;
				CLANG_WARN_DIRECT_OBJC_ISA_USAGE = YES_ERROR;
				CLANG_WARN_DOCUMENTATION_COMMENTS = YES;
				CLANG_WARN_EMPTY_BODY = YES;
				CLANG_WARN_ENUM_CONVERSION = YES;
				CLANG_WARN_INFINITE_RECURSION = YES;
				CLANG_WARN_INT_CONVERSION = YES;
				CLANG_WARN_NON_LITERAL_NULL_CONVERSION = YES;
				CLANG_WARN_OBJC_IMPLICIT_RETAIN_SELF = YES;
				CLANG_WARN_OBJC_LITERAL_CONVERSION = YES;
				CLANG_WARN_OBJC_ROOT_CLASS = YES_ERROR;
				CLANG_WARN_QUOTED_INCLUDE_IN_FRAMEWORK_HEADER = YES;
				CLANG_WARN_RANGE_LOOP_ANALYSIS = YES;
				CLANG_WARN_STRICT_PROTOTYPES = YES;
				CLANG_WARN_SUSPICIOUS_MOVE = YES;
				CLANG_WARN_UNGUARDED_AVAILABILITY = YES_AGGRESSIVE;
				CLANG_WARN_UNREACHABLE_CODE = YES;
				CLANG_WARN__DUPLICATE_METHOD_MATCH = YES;
				COPY_PHASE_STRIP = NO;
				DEBUG_INFORMATION_FORMAT = "dwarf-with-dsym";
				ENABLE_NS_ASSERTIONS = NO;
				ENABLE_STRICT_OBJC_MSGSEND = YES;
				GCC_C_LANGUAGE_STANDARD = gnu11;
				GCC_NO_COMMON_BLOCKS = YES;
				GCC_WARN_64_TO_32_BIT_CONVERSION = YES;
				GCC_WARN_ABOUT_RETURN_TYPE = YES_ERROR;
				GCC_WARN_UNDECLARED_SELECTOR = YES;
				GCC_WARN_UNINITIALIZED_AUTOS = YES_AGGRESSIVE;
				GCC_WARN_UNUSED_FUNCTION = YES;
				GCC_WARN_UNUSED_VARIABLE = YES;
				IPHONEOS_DEPLOYMENT_TARGET = 16.4;
				MTL_ENABLE_DEBUG_INFO = NO;
				MTL_FAST_MATH = YES;
				SDKROOT = iphoneos;
				SWIFT_COMPILATION_MODE = wholemodule;
				SWIFT_OPTIMIZATION_LEVEL = "-O";
				VALIDATE_PRODUCT = YES;
			};
			name = Release;
		};
		F2A9E8452A14E658004F364D /* Debug */ = {
			isa = XCBuildConfiguration;
			buildSettings = {
				ASSETCATALOG_COMPILER_APPICON_NAME = AppIcon;
				ASSETCATALOG_COMPILER_GLOBAL_ACCENT_COLOR_NAME = AccentColor;
				CODE_SIGN_STYLE = Automatic;
				CURRENT_PROJECT_VERSION = 1;
				DEVELOPMENT_ASSET_PATHS = "\"Pintch/Preview Content\"";
				DEVELOPMENT_TEAM = 3T6QCF5F9J;
				ENABLE_PREVIEWS = YES;
				GENERATE_INFOPLIST_FILE = YES;
				INFOPLIST_KEY_UIApplicationSceneManifest_Generation = YES;
				INFOPLIST_KEY_UIApplicationSupportsIndirectInputEvents = YES;
				INFOPLIST_KEY_UILaunchScreen_Generation = YES;
				INFOPLIST_KEY_UISupportedInterfaceOrientations_iPad = "UIInterfaceOrientationPortrait UIInterfaceOrientationPortraitUpsideDown UIInterfaceOrientationLandscapeLeft UIInterfaceOrientationLandscapeRight";
				INFOPLIST_KEY_UISupportedInterfaceOrientations_iPhone = UIInterfaceOrientationPortrait;
				IPHONEOS_DEPLOYMENT_TARGET = 15.0;
				LD_RUNPATH_SEARCH_PATHS = (
					"$(inherited)",
					"@executable_path/Frameworks",
				);
				MARKETING_VERSION = 1.0;
				PRODUCT_BUNDLE_IDENTIFIER = br.com.Pintch;
				PRODUCT_NAME = "$(TARGET_NAME)";
				SUPPORTED_PLATFORMS = "iphoneos iphonesimulator";
				SUPPORTS_MACCATALYST = NO;
				SUPPORTS_MAC_DESIGNED_FOR_IPHONE_IPAD = NO;
				SWIFT_EMIT_LOC_STRINGS = YES;
				SWIFT_VERSION = 5.0;
				TARGETED_DEVICE_FAMILY = 1;
			};
			name = Debug;
		};
		F2A9E8462A14E658004F364D /* Release */ = {
			isa = XCBuildConfiguration;
			buildSettings = {
				ASSETCATALOG_COMPILER_APPICON_NAME = AppIcon;
				ASSETCATALOG_COMPILER_GLOBAL_ACCENT_COLOR_NAME = AccentColor;
				CODE_SIGN_STYLE = Automatic;
				CURRENT_PROJECT_VERSION = 1;
				DEVELOPMENT_ASSET_PATHS = "\"Pintch/Preview Content\"";
				DEVELOPMENT_TEAM = 3T6QCF5F9J;
				ENABLE_PREVIEWS = YES;
				GENERATE_INFOPLIST_FILE = YES;
				INFOPLIST_KEY_UIApplicationSceneManifest_Generation = YES;
				INFOPLIST_KEY_UIApplicationSupportsIndirectInputEvents = YES;
				INFOPLIST_KEY_UILaunchScreen_Generation = YES;
				INFOPLIST_KEY_UISupportedInterfaceOrientations_iPad = "UIInterfaceOrientationPortrait UIInterfaceOrientationPortraitUpsideDown UIInterfaceOrientationLandscapeLeft UIInterfaceOrientationLandscapeRight";
				INFOPLIST_KEY_UISupportedInterfaceOrientations_iPhone = UIInterfaceOrientationPortrait;
				IPHONEOS_DEPLOYMENT_TARGET = 15.0;
				LD_RUNPATH_SEARCH_PATHS = (
					"$(inherited)",
					"@executable_path/Frameworks",
				);
				MARKETING_VERSION = 1.0;
				PRODUCT_BUNDLE_IDENTIFIER = br.com.Pintch;
				PRODUCT_NAME = "$(TARGET_NAME)";
				SUPPORTED_PLATFORMS = "iphoneos iphonesimulator";
				SUPPORTS_MACCATALYST = NO;
				SUPPORTS_MAC_DESIGNED_FOR_IPHONE_IPAD = NO;
				SWIFT_EMIT_LOC_STRINGS = YES;
				SWIFT_VERSION = 5.0;
				TARGETED_DEVICE_FAMILY = 1;
			};
			name = Release;
		};
/* End XCBuildConfiguration section */

/* Begin XCConfigurationList section */
		F2A9E8312A14E657004F364D /* Build configuration list for PBXProject "Pintch" */ = {
			isa = XCConfigurationList;
			buildConfigurations = (
				F2A9E8422A14E658004F364D /* Debug */,
				F2A9E8432A14E658004F364D /* Release */,
			);
			defaultConfigurationIsVisible = 0;
			defaultConfigurationName = Release;
		};
		F2A9E8442A14E658004F364D /* Build configuration list for PBXNativeTarget "Pintch" */ = {
			isa = XCConfigurationList;
			buildConfigurations = (
				F2A9E8452A14E658004F364D /* Debug */,
				F2A9E8462A14E658004F364D /* Release */,
			);
			defaultConfigurationIsVisible = 0;
			defaultConfigurationName = Release;
		};
/* End XCConfigurationList section */
	};
	rootObject = F2A9E82E2A14E657004F364D /* Project object */;
}
